# This file is autogenerated, do not edit; changes may be undone by the next 'dep ensure'.


[[projects]]
  digest = "1:51dd91b5deff40a94b2ad6fe340e378953ab9edaa696f3a80142d174ca33bdff"
  name = "github.com/tiaguinho/gosoap"
  packages = ["."]
  pruneopts = "T"
  revision = "6e32cde2285800df85dcf01cb38a7d813c8f259f"
  version = "v1.2.0"

[[projects]]
  branch = "master"
  digest = "1:961389024d965cd4d97ef56925611bca2b323a77da48318f0910a5d331e57667"
  name = "golang.org/x/net"
  packages = [
    "html",
    "html/atom",
    "html/charset",
  ]
  pruneopts = "T"
  revision = "c0dbc17a35534bf2e581d7a942408dc936316da4"

[[projects]]
  digest = "1:0a6103b1dc59b52f7e64a491b398b854c0fcaacde43c25ce468610a64311b72d"
  name = "golang.org/x/text"
  packages = [
    "encoding",
    "encoding/charmap",
    "encoding/htmlindex",
    "encoding/internal",
    "encoding/internal/identifier",
    "encoding/japanese",
    "encoding/korean",
    "encoding/simplifiedchinese",
    "encoding/traditionalchinese",
    "encoding/unicode",
    "internal/gen",
    "internal/language",
    "internal/language/compact",
    "internal/tag",
    "internal/utf8internal",
    "language",
    "runes",
    "transform",
    "unicode/cldr",
  ]
  pruneopts = "T"
  revision = "342b2e1fbaa52c93f31447ad2c6abc048c63e475"
  version = "v0.3.2"

[solve-meta]
  analyzer-name = "dep"
  analyzer-version = 1
  input-imports = ["github.com/tiaguinho/gosoap"]
  solver-name = "gps-cdcl"
  solver-version = 1
